
Microsoft Visual Studio Solution File, Format Version 11.00
# Visual Studio 2010
Project("{8BC9CEB8-8B4A-11D0-8D11-00A0C91BC942}") = "cpptools", "tech\libsrc\cpptools\cpptools.vcxproj", "{FF01C01C-26B5-40A5-AA15-B89205DDD98D}"
EndProject
Project("{8BC9CEB8-8B4A-11D0-8D11-00A0C91BC942}") = "mprintf", "tech\libsrc\mprintf\mprintf.vcxproj", "{27B0454C-1FFD-47B4-9105-FFA67DD55854}"
EndProject
Project("{8BC9CEB8-8B4A-11D0-8D11-00A0C91BC942}") = "lgalloc", "tech\libsrc\lgalloc\lgalloc.vcxproj", "{AEC6CA21-F812-4EAE-9C08-56E6F7D3D299}"
EndProject
Project("{8BC9CEB8-8B4A-11D0-8D11-00A0C91BC942}") = "comtools", "tech\libsrc\comtools\comtools.vcxproj", "{00F011D9-9492-4876-9687-CA1DDB310D76}"
EndProject
Project("{8BC9CEB8-8B4A-11D0-8D11-00A0C91BC942}") = "lg", "tech\libsrc\lg\lg.vcxproj", "{08A060FE-2193-4616-9415-8788954D5398}"
EndProject
Project("{8BC9CEB8-8B4A-11D0-8D11-00A0C91BC942}") = "fix", "tech\libsrc\fix\fix.vcxproj", "{F3225CB3-2A39-4CA1-9C06-61B74E149BC3}"
EndProject
Project("{8BC9CEB8-8B4A-11D0-8D11-00A0C91BC942}") = "compapis", "tech\libsrc\compapis\compapis.vcxproj", "{D5F47CE8-6AD4-47E8-9BEA-DC26D4E579AC}"
EndProject
Project("{8BC9CEB8-8B4A-11D0-8D11-00A0C91BC942}") = "dstruct", "tech\libsrc\dstruct\dstruct.vcxproj", "{2849B306-1D8A-48CF-A8F6-218C6FE4AA8B}"
EndProject
Project("{8BC9CEB8-8B4A-11D0-8D11-00A0C91BC942}") = "gameshel", "tech\libsrc\gameshel\gameshel.vcxproj", "{2FC589FA-80BA-46DF-B06C-B21154A2EFC4}"
EndProject
Project("{8BC9CEB8-8B4A-11D0-8D11-00A0C91BC942}") = "dispdev", "tech\libsrc\dispdev\dispdev.vcxproj", "{C07C1AED-2F36-483E-A8BC-26650C8CCD67}"
EndProject
Project("{8BC9CEB8-8B4A-11D0-8D11-00A0C91BC942}") = "matrix", "tech\libsrc\matrix\matrix.vcxproj", "{BA234836-D7C7-42A9-8355-37DFBC44C58B}"
EndProject
Global
	GlobalSection(SolutionConfigurationPlatforms) = preSolution
		Debug|Win32 = Debug|Win32
		Release|Win32 = Release|Win32
	EndGlobalSection
	GlobalSection(ProjectConfigurationPlatforms) = postSolution
		{FF01C01C-26B5-40A5-AA15-B89205DDD98D}.Debug|Win32.ActiveCfg = Debug|Win32
		{FF01C01C-26B5-40A5-AA15-B89205DDD98D}.Debug|Win32.Build.0 = Debug|Win32
		{FF01C01C-26B5-40A5-AA15-B89205DDD98D}.Release|Win32.ActiveCfg = Release|Win32
		{FF01C01C-26B5-40A5-AA15-B89205DDD98D}.Release|Win32.Build.0 = Release|Win32
		{27B0454C-1FFD-47B4-9105-FFA67DD55854}.Debug|Win32.ActiveCfg = Debug|Win32
		{27B0454C-1FFD-47B4-9105-FFA67DD55854}.Debug|Win32.Build.0 = Debug|Win32
		{27B0454C-1FFD-47B4-9105-FFA67DD55854}.Release|Win32.ActiveCfg = Release|Win32
		{27B0454C-1FFD-47B4-9105-FFA67DD55854}.Release|Win32.Build.0 = Release|Win32
		{AEC6CA21-F812-4EAE-9C08-56E6F7D3D299}.Debug|Win32.ActiveCfg = Debug|Win32
		{AEC6CA21-F812-4EAE-9C08-56E6F7D3D299}.Debug|Win32.Build.0 = Debug|Win32
		{AEC6CA21-F812-4EAE-9C08-56E6F7D3D299}.Release|Win32.ActiveCfg = Release|Win32
		{AEC6CA21-F812-4EAE-9C08-56E6F7D3D299}.Release|Win32.Build.0 = Release|Win32
		{00F011D9-9492-4876-9687-CA1DDB310D76}.Debug|Win32.ActiveCfg = Debug|Win32
		{00F011D9-9492-4876-9687-CA1DDB310D76}.Debug|Win32.Build.0 = Debug|Win32
		{00F011D9-9492-4876-9687-CA1DDB310D76}.Release|Win32.ActiveCfg = Release|Win32
		{00F011D9-9492-4876-9687-CA1DDB310D76}.Release|Win32.Build.0 = Release|Win32
		{08A060FE-2193-4616-9415-8788954D5398}.Debug|Win32.ActiveCfg = Debug|Win32
		{08A060FE-2193-4616-9415-8788954D5398}.Debug|Win32.Build.0 = Debug|Win32
		{08A060FE-2193-4616-9415-8788954D5398}.Release|Win32.ActiveCfg = Release|Win32
		{08A060FE-2193-4616-9415-8788954D5398}.Release|Win32.Build.0 = Release|Win32
		{F3225CB3-2A39-4CA1-9C06-61B74E149BC3}.Debug|Win32.ActiveCfg = Debug|Win32
		{F3225CB3-2A39-4CA1-9C06-61B74E149BC3}.Debug|Win32.Build.0 = Debug|Win32
		{F3225CB3-2A39-4CA1-9C06-61B74E149BC3}.Release|Win32.ActiveCfg = Release|Win32
		{F3225CB3-2A39-4CA1-9C06-61B74E149BC3}.Release|Win32.Build.0 = Release|Win32
		{D5F47CE8-6AD4-47E8-9BEA-DC26D4E579AC}.Debug|Win32.ActiveCfg = Debug|Win32
		{D5F47CE8-6AD4-47E8-9BEA-DC26D4E579AC}.Debug|Win32.Build.0 = Debug|Win32
		{D5F47CE8-6AD4-47E8-9BEA-DC26D4E579AC}.Release|Win32.ActiveCfg = Release|Win32
		{D5F47CE8-6AD4-47E8-9BEA-DC26D4E579AC}.Release|Win32.Build.0 = Release|Win32
		{2849B306-1D8A-48CF-A8F6-218C6FE4AA8B}.Debug|Win32.ActiveCfg = Debug|Win32
		{2849B306-1D8A-48CF-A8F6-218C6FE4AA8B}.Debug|Win32.Build.0 = Debug|Win32
		{2849B306-1D8A-48CF-A8F6-218C6FE4AA8B}.Release|Win32.ActiveCfg = Release|Win32
		{2849B306-1D8A-48CF-A8F6-218C6FE4AA8B}.Release|Win32.Build.0 = Release|Win32
		{2FC589FA-80BA-46DF-B06C-B21154A2EFC4}.Debug|Win32.ActiveCfg = Debug|Win32
		{2FC589FA-80BA-46DF-B06C-B21154A2EFC4}.Debug|Win32.Build.0 = Debug|Win32
		{2FC589FA-80BA-46DF-B06C-B21154A2EFC4}.Release|Win32.ActiveCfg = Release|Win32
		{2FC589FA-80BA-46DF-B06C-B21154A2EFC4}.Release|Win32.Build.0 = Release|Win32
		{C07C1AED-2F36-483E-A8BC-26650C8CCD67}.Debug|Win32.ActiveCfg = Debug|Win32
		{C07C1AED-2F36-483E-A8BC-26650C8CCD67}.Debug|Win32.Build.0 = Debug|Win32
		{C07C1AED-2F36-483E-A8BC-26650C8CCD67}.Release|Win32.ActiveCfg = Release|Win32
		{C07C1AED-2F36-483E-A8BC-26650C8CCD67}.Release|Win32.Build.0 = Release|Win32
		{BA234836-D7C7-42A9-8355-37DFBC44C58B}.Debug|Win32.ActiveCfg = Debug|Win32
		{BA234836-D7C7-42A9-8355-37DFBC44C58B}.Debug|Win32.Build.0 = Debug|Win32
		{BA234836-D7C7-42A9-8355-37DFBC44C58B}.Release|Win32.ActiveCfg = Release|Win32
		{BA234836-D7C7-42A9-8355-37DFBC44C58B}.Release|Win32.Build.0 = Release|Win32
	EndGlobalSection
	GlobalSection(SolutionProperties) = preSolution
		HideSolutionNode = FALSE
	EndGlobalSection
EndGlobal
