<?xml version="1.0" encoding="utf-8"?>
<Project ToolsVersion="4.0" xmlns="http://schemas.microsoft.com/developer/msbuild/2003">
  <ItemGroup>
    <Filter Include="ASM Files">
      <UniqueIdentifier>{33CCEEE7-D75D-48A7-A031-48AB30BC99A1}</UniqueIdentifier>
      <Extensions>asm;asmx</Extensions>
    </Filter>
    <Filter Include="ASM Header Files">
      <UniqueIdentifier>{0BD0C27C-97F1-4A21-B4AB-C0EEE3548335}</UniqueIdentifier>
      <Extensions>inc;tbl</Extensions>
    </Filter>
    <Filter Include="Source Files">
      <UniqueIdentifier>{F4F6CA38-701C-4E11-B20A-5703868229B6}</UniqueIdentifier>
      <Extensions>cpp;c;cc;cxx;def;odl;idl;hpj;bat;asm;asmx</Extensions>
    </Filter>
    <Filter Include="Header Files">
      <UniqueIdentifier>{7A56C40B-9E8C-4F3C-AF48-9BEAFE3FF2ED}</UniqueIdentifier>
      <Extensions>h;hpp;hxx;hm;inl;xsd</Extensions>
    </Filter>
    <Filter Include="Resource Files">
      <UniqueIdentifier>{84EEEDD2-5845-48E5-96A7-A31C946C4296}</UniqueIdentifier>
      <Extensions>rc;ico;cur;bmp;dlg;rc2;rct;bin;rgs;gif;jpg;jpeg;jpe;resx;tiff;tif;png;wav</Extensions>
    </Filter>
    <Filter Include="Docs">
      <UniqueIdentifier>{77102f43-0d99-40c4-95dc-184dfd66e95e}</UniqueIdentifier>
    </Filter>
  </ItemGroup>
  <ItemGroup>
    <ClCompile Include="foneshot.c">
      <Filter>Source Files</Filter>
    </ClCompile>
    <ClCompile Include="fsplicer.c">
      <Filter>Source Files</Filter>
    </ClCompile>
    <ClCompile Include="fstremer.c">
      <Filter>Source Files</Filter>
    </ClCompile>
    <ClCompile Include="imaadpcm.cpp">
      <Filter>Source Files</Filter>
    </ClCompile>
    <ClCompile Include="mstremer.c">
      <Filter>Source Files</Filter>
    </ClCompile>
    <ClCompile Include="onemain.c">
      <Filter>Source Files</Filter>
    </ClCompile>
    <ClCompile Include="oneshot.c">
      <Filter>Source Files</Filter>
    </ClCompile>
    <ClCompile Include="roneshot.c">
      <Filter>Source Files</Filter>
    </ClCompile>
    <ClCompile Include="rsplicer.c">
      <Filter>Source Files</Filter>
    </ClCompile>
    <ClCompile Include="rstremer.c">
      <Filter>Source Files</Filter>
    </ClCompile>
    <ClCompile Include="sndrezst.c">
      <Filter>Source Files</Filter>
    </ClCompile>
    <ClCompile Include="splcmain.c">
      <Filter>Source Files</Filter>
    </ClCompile>
    <ClCompile Include="splicer.c">
      <Filter>Source Files</Filter>
    </ClCompile>
    <ClCompile Include="streamer.c">
      <Filter>Source Files</Filter>
    </ClCompile>
    <ClCompile Include="strmmain.c">
      <Filter>Source Files</Filter>
    </ClCompile>
    <ClCompile Include="utilmain.c">
      <Filter>Source Files</Filter>
    </ClCompile>
  </ItemGroup>
  <ItemGroup>
    <ClInclude Include="imaadpcm.h">
      <Filter>Header Files</Filter>
    </ClInclude>
    <ClInclude Include="oneshot.h">
      <Filter>Header Files</Filter>
    </ClInclude>
    <ClInclude Include="sndrezst.h">
      <Filter>Header Files</Filter>
    </ClInclude>
    <ClInclude Include="sndutil.h">
      <Filter>Header Files</Filter>
    </ClInclude>
    <ClInclude Include="splicer.h">
      <Filter>Header Files</Filter>
    </ClInclude>
    <ClInclude Include="streamer.h">
      <Filter>Header Files</Filter>
    </ClInclude>
    <ClInclude Include="utilmain.h">
      <Filter>Header Files</Filter>
    </ClInclude>
  </ItemGroup>
  <ItemGroup>
    <None Include="Makefile">
      <Filter>Docs</Filter>
    </None>
    <None Include="sndutil.txt">
      <Filter>Docs</Filter>
    </None>
  </ItemGroup>
</Project>